github.com/TheBitDrifter/bark v0.0.0-20250302175939-26104a815ed9 h1:FKJtdY3t0/gSgQQrawCrUCs8io53Mq6mSKyovNdd4ig=
github.com/TheBitDrifter/bark v0.0.0-20250302175939-26104a815ed9/go.mod h1:DfUHSN9ypqQX6IRhwzRdzp7TKoCm1pLFUteZgfWt168=
github.com/TheBitDrifter/mask v0.0.0-20250302170854-74953aa585aa h1:4uVpECsjSHrl8jGNec9CXKj8zL+cranSx1FOVEa3G7E=
github.com/TheBitDrifter/mask v0.0.0-20250302170854-74953aa585aa/go.mod h1:2Gumixx/FRZwxlwMNCpSr38UTbS5gUSSGdntrSmivGk=
github.com/TheBitDrifter/table v0.0.0-20250302173100-264081644811 h1:D0ZpB3P/L6nL0Uj70AUg+SAgwuUQKNpZUukdcwwlyhU=
github.com/TheBitDrifter/table v0.0.0-20250302173100-264081644811/go.mod h1:XS5HEO4K9gZmCzGpB6E8r/If186aZhQNnl4Pm6Uok1Y=
github.com/TheBitDrifter/util v0.0.0-20241102212109-342f4c0a810e h1:GichypQhTVgS3J1TpSs2nuij+L2EtxBSv70vjk03KAg=
github.com/TheBitDrifter/util v0.0.0-20241102212109-342f4c0a810e/go.mod h1:k3LfyqK/t6Tm1vP1jqGvmIgc05BTEI6rbOEhkXS1uH4=
github.com/davecgh/go-spew v1.1.1 h1:vj9j/u1bqnvCEfJOwUhtlOARqs3+rkHYY13jYWTU97c=
github.com/davecgh/go-spew v1.1.1/go.mod h1:J7Y8YcW2NihsgmVo/mv3lAwl/skON4iLHjSsI+c5H38=
github.com/mlange-42/arche v0.13.2 h1:5mbYKYBTLrXkz33IEONBskRfpWmnLF6HAt3r+zPlSCI=
github.com/mlange-42/arche v0.13.2/go.mod h1:bFktKnvGDj2kP01xar79z0hKwGHdnoaEZR8HWmJkIyU=
github.com/pmezard/go-difflib v1.0.0 h1:4DBwDE0NGyQoBHbLQYPwSUPoCMWR5BEzIk/f1lZbAQM=
github.com/pmezard/go-difflib v1.0.0/go.mod h1:iKH77koFhYxTK1pcRnkKkqfTogsbg7gZNVY4sRDYZ/4=
github.com/stretchr/testify v1.9.0 h1:HtqpIVDClZ4nwg75+f6Lvsy/wHu+3BoSGCbBAcpTsTg=
github.com/stretchr/testify v1.9.0/go.mod h1:r2ic/lqez/lEtzL7wO/rwa5dbSLXVDPFyf8C91i36aY=
gopkg.in/yaml.v3 v3.0.1 h1:fxVm/GzAzEWqLHuvctI91KS9hhNmmWOoWu0XTYJS7CA=
gopkg.in/yaml.v3 v3.0.1/go.mod h1:K4uyk7z7BCEPqu6E+C64Yfv1cQ7kz7rIZviUmN+EgEM=
