github.com/TheBitDrifter/mask v0.0.0-20241122180741-07926f8b9e86 h1:2L1ZqB0MA9KH6ksR4wCAXniXx8xUG3/Nt3z9QCc1raU=
github.com/TheBitDrifter/mask v0.0.0-20241122180741-07926f8b9e86/go.mod h1:2Gumixx/FRZwxlwMNCpSr38UTbS5gUSSGdntrSmivGk=
github.com/TheBitDrifter/table v0.0.0-20241123155356-a348638025c4 h1:LJc9tHz10qLUHlrW5rUhcXDxcieUs/vgFhDDeVxUI0I=
github.com/TheBitDrifter/table v0.0.0-20241123155356-a348638025c4/go.mod h1:XS5HEO4K9gZmCzGpB6E8r/If186aZhQNnl4Pm6Uok1Y=
github.com/TheBitDrifter/util v0.0.0-20241102212109-342f4c0a810e h1:GichypQhTVgS3J1TpSs2nuij+L2EtxBSv70vjk03KAg=
github.com/TheBitDrifter/util v0.0.0-20241102212109-342f4c0a810e/go.mod h1:k3LfyqK/t6Tm1vP1jqGvmIgc05BTEI6rbOEhkXS1uH4=
github.com/davecgh/go-spew v1.1.1 h1:vj9j/u1bqnvCEfJOwUhtlOARqs3+rkHYY13jYWTU97c=
github.com/davecgh/go-spew v1.1.1/go.mod h1:J7Y8YcW2NihsgmVo/mv3lAwl/skON4iLHjSsI+c5H38=
github.com/mlange-42/arche v0.13.2 h1:5mbYKYBTLrXkz33IEONBskRfpWmnLF6HAt3r+zPlSCI=
github.com/mlange-42/arche v0.13.2/go.mod h1:bFktKnvGDj2kP01xar79z0hKwGHdnoaEZR8HWmJkIyU=
github.com/pmezard/go-difflib v1.0.0 h1:4DBwDE0NGyQoBHbLQYPwSUPoCMWR5BEzIk/f1lZbAQM=
github.com/pmezard/go-difflib v1.0.0/go.mod h1:iKH77koFhYxTK1pcRnkKkqfTogsbg7gZNVY4sRDYZ/4=
github.com/stretchr/testify v1.9.0 h1:HtqpIVDClZ4nwg75+f6Lvsy/wHu+3BoSGCbBAcpTsTg=
github.com/stretchr/testify v1.9.0/go.mod h1:r2ic/lqez/lEtzL7wO/rwa5dbSLXVDPFyf8C91i36aY=
gopkg.in/yaml.v3 v3.0.1 h1:fxVm/GzAzEWqLHuvctI91KS9hhNmmWOoWu0XTYJS7CA=
gopkg.in/yaml.v3 v3.0.1/go.mod h1:K4uyk7z7BCEPqu6E+C64Yfv1cQ7kz7rIZviUmN+EgEM=
